
Microsoft Visual Studio Solution File, Format Version 12.00
# Visual Studio 15
VisualStudioVersion = 15.0.28307.572
MinimumVisualStudioVersion = 10.0.40219.1
Project("{8BC9CEB8-8B4A-11D0-8D11-00A0C91BC942}") = "LB_01", "LB_01\LB_01.vcxproj", "{CC420282-700B-4D39-AE23-FC27AD9C05C1}"
EndProject
Project("{8BC9CEB8-8B4A-11D0-8D11-00A0C91BC942}") = "LB_01_DLL_2", "LB_01_DLL_2\LB_01_DLL_2.vcxproj", "{03519B58-25B0-41E9-A7E5-1358C5FB10EE}"
EndProject
Project("{8BC9CEB8-8B4A-11D0-8D11-00A0C91BC942}") = "LB_01_DLL_3", "LB_01_DLL_3\LB_01_DLL_3.vcxproj", "{3E3122E0-0F30-4C18-B563-A3DC1F8B0101}"
EndProject
Project("{8BC9CEB8-8B4A-11D0-8D11-00A0C91BC942}") = "LB_01_DLL_8", "LB_01_DLL_8\LB_01_DLL_8.vcxproj", "{DA48D4E8-34DF-4FDD-B3C4-0682AD064146}"
EndProject
Project("{8BC9CEB8-8B4A-11D0-8D11-00A0C91BC942}") = "LB_01_DLL_16", "LB_01_DLL_16\LB_01_DLL_16.vcxproj", "{B40EF60D-763B-4B35-847F-8DC2DF8BAF73}"
EndProject
Project("{2150E333-8FDC-42A3-9474-1A3956D46DE8}") = "Libs", "Libs", "{1FF1A5E6-7D66-4D99-A5D9-B4FF76072180}"
EndProject
Project("{8BC9CEB8-8B4A-11D0-8D11-00A0C91BC942}") = "LB_02", "LB_02\LB_02.vcxproj", "{71D6AC59-6A79-4AD4-9E10-FE7AD164FC47}"
EndProject
Global
	GlobalSection(SolutionConfigurationPlatforms) = preSolution
		Debug|x64 = Debug|x64
		Debug|x86 = Debug|x86
		Release|x64 = Release|x64
		Release|x86 = Release|x86
	EndGlobalSection
	GlobalSection(ProjectConfigurationPlatforms) = postSolution
		{CC420282-700B-4D39-AE23-FC27AD9C05C1}.Debug|x64.ActiveCfg = Debug|x64
		{CC420282-700B-4D39-AE23-FC27AD9C05C1}.Debug|x64.Build.0 = Debug|x64
		{CC420282-700B-4D39-AE23-FC27AD9C05C1}.Debug|x86.ActiveCfg = Debug|Win32
		{CC420282-700B-4D39-AE23-FC27AD9C05C1}.Debug|x86.Build.0 = Debug|Win32
		{CC420282-700B-4D39-AE23-FC27AD9C05C1}.Release|x64.ActiveCfg = Release|x64
		{CC420282-700B-4D39-AE23-FC27AD9C05C1}.Release|x64.Build.0 = Release|x64
		{CC420282-700B-4D39-AE23-FC27AD9C05C1}.Release|x86.ActiveCfg = Release|Win32
		{CC420282-700B-4D39-AE23-FC27AD9C05C1}.Release|x86.Build.0 = Release|Win32
		{03519B58-25B0-41E9-A7E5-1358C5FB10EE}.Debug|x64.ActiveCfg = Debug|x64
		{03519B58-25B0-41E9-A7E5-1358C5FB10EE}.Debug|x64.Build.0 = Debug|x64
		{03519B58-25B0-41E9-A7E5-1358C5FB10EE}.Debug|x86.ActiveCfg = Debug|Win32
		{03519B58-25B0-41E9-A7E5-1358C5FB10EE}.Debug|x86.Build.0 = Debug|Win32
		{03519B58-25B0-41E9-A7E5-1358C5FB10EE}.Release|x64.ActiveCfg = Release|x64
		{03519B58-25B0-41E9-A7E5-1358C5FB10EE}.Release|x64.Build.0 = Release|x64
		{03519B58-25B0-41E9-A7E5-1358C5FB10EE}.Release|x86.ActiveCfg = Release|Win32
		{03519B58-25B0-41E9-A7E5-1358C5FB10EE}.Release|x86.Build.0 = Release|Win32
		{3E3122E0-0F30-4C18-B563-A3DC1F8B0101}.Debug|x64.ActiveCfg = Debug|x64
		{3E3122E0-0F30-4C18-B563-A3DC1F8B0101}.Debug|x64.Build.0 = Debug|x64
		{3E3122E0-0F30-4C18-B563-A3DC1F8B0101}.Debug|x86.ActiveCfg = Debug|Win32
		{3E3122E0-0F30-4C18-B563-A3DC1F8B0101}.Debug|x86.Build.0 = Debug|Win32
		{3E3122E0-0F30-4C18-B563-A3DC1F8B0101}.Release|x64.ActiveCfg = Release|x64
		{3E3122E0-0F30-4C18-B563-A3DC1F8B0101}.Release|x64.Build.0 = Release|x64
		{3E3122E0-0F30-4C18-B563-A3DC1F8B0101}.Release|x86.ActiveCfg = Release|Win32
		{3E3122E0-0F30-4C18-B563-A3DC1F8B0101}.Release|x86.Build.0 = Release|Win32
		{DA48D4E8-34DF-4FDD-B3C4-0682AD064146}.Debug|x64.ActiveCfg = Debug|x64
		{DA48D4E8-34DF-4FDD-B3C4-0682AD064146}.Debug|x64.Build.0 = Debug|x64
		{DA48D4E8-34DF-4FDD-B3C4-0682AD064146}.Debug|x86.ActiveCfg = Debug|Win32
		{DA48D4E8-34DF-4FDD-B3C4-0682AD064146}.Debug|x86.Build.0 = Debug|Win32
		{DA48D4E8-34DF-4FDD-B3C4-0682AD064146}.Release|x64.ActiveCfg = Release|x64
		{DA48D4E8-34DF-4FDD-B3C4-0682AD064146}.Release|x64.Build.0 = Release|x64
		{DA48D4E8-34DF-4FDD-B3C4-0682AD064146}.Release|x86.ActiveCfg = Release|Win32
		{DA48D4E8-34DF-4FDD-B3C4-0682AD064146}.Release|x86.Build.0 = Release|Win32
		{B40EF60D-763B-4B35-847F-8DC2DF8BAF73}.Debug|x64.ActiveCfg = Debug|x64
		{B40EF60D-763B-4B35-847F-8DC2DF8BAF73}.Debug|x64.Build.0 = Debug|x64
		{B40EF60D-763B-4B35-847F-8DC2DF8BAF73}.Debug|x86.ActiveCfg = Debug|Win32
		{B40EF60D-763B-4B35-847F-8DC2DF8BAF73}.Debug|x86.Build.0 = Debug|Win32
		{B40EF60D-763B-4B35-847F-8DC2DF8BAF73}.Release|x64.ActiveCfg = Release|x64
		{B40EF60D-763B-4B35-847F-8DC2DF8BAF73}.Release|x64.Build.0 = Release|x64
		{B40EF60D-763B-4B35-847F-8DC2DF8BAF73}.Release|x86.ActiveCfg = Release|Win32
		{B40EF60D-763B-4B35-847F-8DC2DF8BAF73}.Release|x86.Build.0 = Release|Win32
		{71D6AC59-6A79-4AD4-9E10-FE7AD164FC47}.Debug|x64.ActiveCfg = Debug|x64
		{71D6AC59-6A79-4AD4-9E10-FE7AD164FC47}.Debug|x64.Build.0 = Debug|x64
		{71D6AC59-6A79-4AD4-9E10-FE7AD164FC47}.Debug|x86.ActiveCfg = Debug|Win32
		{71D6AC59-6A79-4AD4-9E10-FE7AD164FC47}.Debug|x86.Build.0 = Debug|Win32
		{71D6AC59-6A79-4AD4-9E10-FE7AD164FC47}.Release|x64.ActiveCfg = Release|x64
		{71D6AC59-6A79-4AD4-9E10-FE7AD164FC47}.Release|x64.Build.0 = Release|x64
		{71D6AC59-6A79-4AD4-9E10-FE7AD164FC47}.Release|x86.ActiveCfg = Release|Win32
		{71D6AC59-6A79-4AD4-9E10-FE7AD164FC47}.Release|x86.Build.0 = Release|Win32
	EndGlobalSection
	GlobalSection(SolutionProperties) = preSolution
		HideSolutionNode = FALSE
	EndGlobalSection
	GlobalSection(NestedProjects) = preSolution
		{03519B58-25B0-41E9-A7E5-1358C5FB10EE} = {1FF1A5E6-7D66-4D99-A5D9-B4FF76072180}
		{3E3122E0-0F30-4C18-B563-A3DC1F8B0101} = {1FF1A5E6-7D66-4D99-A5D9-B4FF76072180}
		{DA48D4E8-34DF-4FDD-B3C4-0682AD064146} = {1FF1A5E6-7D66-4D99-A5D9-B4FF76072180}
		{B40EF60D-763B-4B35-847F-8DC2DF8BAF73} = {1FF1A5E6-7D66-4D99-A5D9-B4FF76072180}
	EndGlobalSection
	GlobalSection(ExtensibilityGlobals) = postSolution
		SolutionGuid = {B410C071-2DC1-4175-AEAD-786C506DECA5}
	EndGlobalSection
EndGlobal
